{
  "nodes": {
    "flake-utils": {
      "inputs": {
        "systems": "systems"
      },
      "locked": {
        "lastModified": 1710146030,
        "narHash": "sha256-SZ5L6eA7HJ/nmkzGG7/ISclqe6oZdOZTNoesiInkXPQ=",
        "owner": "numtide",
        "repo": "flake-utils",
        "rev": "b1d9ab70662946ef0850d488da1c9019f3a9752a",
        "type": "github"
      },
      "original": {
        "owner": "numtide",
        "repo": "flake-utils",
        "type": "github"
      }
    },
    "hypothesis": {
      "inputs": {
        "nixpkgs": [
          "nixpkgs"
        ]
      },
      "locked": {
        "lastModified": 1685198809,
        "narHash": "sha256-gvGf24T7IfNgE0DhMQvgrvw7n94HtYAEWaHUjjbHJ/s=",
        "owner": "joshbainbridge",
        "repo": "hypothesis",
        "rev": "cde392d3f38828cdb108b9cb899982e6dec237ff",
        "type": "github"
      },
      "original": {
        "owner": "joshbainbridge",
        "repo": "hypothesis",
        "type": "github"
      }
    },
    "nixpkgs": {
      "locked": {
        "lastModified": 1737925648,
        "narHash": "sha256-uXI4AlJp1jqmQOUEpmjLUky2QWZf1TKMEIXWJVSE20s=",
        "owner": "NixOS",
        "repo": "nixpkgs",
        "rev": "7ac8fdb7ba5be3dd1274d8880b2134d5b998114a",
        "type": "github"
      },
      "original": {
        "owner": "NixOS",
        "ref": "release-24.11",
        "repo": "nixpkgs",
        "type": "github"
      }
    },
    "root": {
      "inputs": {
        "flake-utils": "flake-utils",
        "hypothesis": "hypothesis",
        "nixpkgs": "nixpkgs"
      }
    },
    "systems": {
      "locked": {
        "lastModified": 1681028828,
        "narHash": "sha256-Vy1rq5AaRuLzOxct8nz4T6wlgyUR7zLU309k9mBC768=",
        "owner": "nix-systems",
        "repo": "default",
        "rev": "da67096a3b9bf56a91d16901293e51ba5b49a27e",
        "type": "github"
      },
      "original": {
        "owner": "nix-systems",
        "repo": "default",
        "type": "github"
      }
    }
  },
  "root": "root",
  "version": 7
}
