{
  "nodes": {
    "flake-utils": {
      "inputs": {
        "systems": "systems"
      },
      "locked": {
        "lastModified": 1687709756,
        "narHash": "sha256-Y5wKlQSkgEK2weWdOu4J3riRd+kV/VCgHsqLNTTWQ/0=",
        "owner": "numtide",
        "repo": "flake-utils",
        "rev": "dbabf0ca0c0c4bce6ea5eaf65af5cb694d2082c7",
        "type": "github"
      },
      "original": {
        "owner": "numtide",
        "repo": "flake-utils",
        "type": "github"
      }
    },
    "hypothesis": {
      "inputs": {
        "nixpkgs": [
          "nixpkgs"
        ]
      },
      "locked": {
        "lastModified": 1685198809,
        "narHash": "sha256-gvGf24T7IfNgE0DhMQvgrvw7n94HtYAEWaHUjjbHJ/s=",
        "owner": "joshbainbridge",
        "repo": "hypothesis",
        "rev": "cde392d3f38828cdb108b9cb899982e6dec237ff",
        "type": "github"
      },
      "original": {
        "owner": "joshbainbridge",
        "repo": "hypothesis",
        "type": "github"
      }
    },
    "nixpkgs": {
      "locked": {
        "lastModified": 1688338269,
        "narHash": "sha256-s1HQDDIDcW5rmcekdvtIw4PPQSHBknxr/6JX3LVRoEA=",
        "owner": "NixOS",
        "repo": "nixpkgs",
        "rev": "6b6a753d4732d2516aa64166845675e96c67ee98",
        "type": "github"
      },
      "original": {
        "owner": "NixOS",
        "repo": "nixpkgs",
        "type": "github"
      }
    },
    "root": {
      "inputs": {
        "flake-utils": "flake-utils",
        "hypothesis": "hypothesis",
        "nixpkgs": "nixpkgs"
      }
    },
    "systems": {
      "locked": {
        "lastModified": 1681028828,
        "narHash": "sha256-Vy1rq5AaRuLzOxct8nz4T6wlgyUR7zLU309k9mBC768=",
        "owner": "nix-systems",
        "repo": "default",
        "rev": "da67096a3b9bf56a91d16901293e51ba5b49a27e",
        "type": "github"
      },
      "original": {
        "owner": "nix-systems",
        "repo": "default",
        "type": "github"
      }
    }
  },
  "root": "root",
  "version": 7
}
